// !$*UTF8*$!
{
	archiveVersion = 1;
	classes = {
	};
	objectVersion = 46;
	objects = {

/* Begin PBXBuildFile section */
		0DDBAC6EBF1E20AC1FCE613E /* Pods_XCUITestSample.framework in Frameworks */ = {isa = PBXBuildFile; fileRef = DD22806FE2AC957F247D9681 /* Pods_XCUITestSample.framework */; };
		2F2237F8E49B52275FAF97EE /* Pods_TestSampleEarlGreyTests.framework in Frameworks */ = {isa = PBXBuildFile; fileRef = 3278A7BA92CFA1A36AA027ED /* Pods_TestSampleEarlGreyTests.framework */; };
		5F5F00A420CE8D0100421CB5 /* TestSampleEarlGreyTests.swift in Sources */ = {isa = PBXBuildFile; fileRef = 5F0539F020C7EF2000586BE9 /* TestSampleEarlGreyTests.swift */; };
		5F5F00A520CE8D0700421CB5 /* EarlGrey.swift in Sources */ = {isa = PBXBuildFile; fileRef = 2C5C280CA68C64A273ED45B5 /* EarlGrey.swift */; };
		EC574B7F1BF81B0700C75D89 /* AppDelegate.swift in Sources */ = {isa = PBXBuildFile; fileRef = EC574B7E1BF81B0700C75D89 /* AppDelegate.swift */; };
		EC574B811BF81B0700C75D89 /* FirstViewController.swift in Sources */ = {isa = PBXBuildFile; fileRef = EC574B801BF81B0700C75D89 /* FirstViewController.swift */; };
		EC574B841BF81B0700C75D89 /* Main.storyboard in Resources */ = {isa = PBXBuildFile; fileRef = EC574B821BF81B0700C75D89 /* Main.storyboard */; };
		EC574B861BF81B0700C75D89 /* Assets.xcassets in Resources */ = {isa = PBXBuildFile; fileRef = EC574B851BF81B0700C75D89 /* Assets.xcassets */; };
		EC574B891BF81B0700C75D89 /* LaunchScreen.storyboard in Resources */ = {isa = PBXBuildFile; fileRef = EC574B871BF81B0700C75D89 /* LaunchScreen.storyboard */; };
		EC574B941BF81B0700C75D89 /* FirstViewTests.swift in Sources */ = {isa = PBXBuildFile; fileRef = EC574B931BF81B0700C75D89 /* FirstViewTests.swift */; };
		ECA8C50E1BF86E19009C9737 /* SnapshotHelper.swift in Sources */ = {isa = PBXBuildFile; fileRef = ECA8C50D1BF86E19009C9737 /* SnapshotHelper.swift */; };
		ECA8C5101BF87249009C9737 /* XCTestHelper.swift in Sources */ = {isa = PBXBuildFile; fileRef = ECA8C50F1BF87249009C9737 /* XCTestHelper.swift */; };
		FBE23586DF835AB012D7E9F0 /* Pods_XCUITestSampleUITests.framework in Frameworks */ = {isa = PBXBuildFile; fileRef = 0AD1797497E0D0391C48C764 /* Pods_XCUITestSampleUITests.framework */; };
/* End PBXBuildFile section */

/* Begin PBXContainerItemProxy section */
		5F5F009F20CE8CC600421CB5 /* PBXContainerItemProxy */ = {
			isa = PBXContainerItemProxy;
			containerPortal = EC574B731BF81B0700C75D89 /* Project object */;
			proxyType = 1;
			remoteGlobalIDString = EC574B7A1BF81B0700C75D89;
			remoteInfo = XCUITestSample;
		};
		EC574B901BF81B0700C75D89 /* PBXContainerItemProxy */ = {
			isa = PBXContainerItemProxy;
			containerPortal = EC574B731BF81B0700C75D89 /* Project object */;
			proxyType = 1;
			remoteGlobalIDString = EC574B7A1BF81B0700C75D89;
			remoteInfo = XCUITestSample;
		};
/* End PBXContainerItemProxy section */

/* Begin PBXFileReference section */
		0AD1797497E0D0391C48C764 /* Pods_XCUITestSampleUITests.framework */ = {isa = PBXFileReference; explicitFileType = wrapper.framework; includeInIndex = 0; path = Pods_XCUITestSampleUITests.framework; sourceTree = BUILT_PRODUCTS_DIR; };
		2C5C280CA68C64A273ED45B5 /* EarlGrey.swift */ = {isa = PBXFileReference; includeInIndex = 1; lastKnownFileType = sourcecode.swift; path = EarlGrey.swift; sourceTree = "<group>"; };
		3278A7BA92CFA1A36AA027ED /* Pods_TestSampleEarlGreyTests.framework */ = {isa = PBXFileReference; explicitFileType = wrapper.framework; includeInIndex = 0; path = Pods_TestSampleEarlGreyTests.framework; sourceTree = BUILT_PRODUCTS_DIR; };
		3BFCD41717CAD283A30EC7C3 /* Pods-XCUITestSampleUITests.release.xcconfig */ = {isa = PBXFileReference; includeInIndex = 1; lastKnownFileType = text.xcconfig; name = "Pods-XCUITestSampleUITests.release.xcconfig"; path = "Pods/Target Support Files/Pods-XCUITestSampleUITests/Pods-XCUITestSampleUITests.release.xcconfig"; sourceTree = "<group>"; };
		481DF5445D16910AE00388FE /* EarlGrey.framework */ = {isa = PBXFileReference; lastKnownFileType = wrapper.framework; name = EarlGrey.framework; path = Pods/EarlGrey/EarlGrey/EarlGrey.framework; sourceTree = SOURCE_ROOT; };
		5CF5E8607A26DE8B1B47CBD2 /* Pods-XCUITestSampleUITests.debug.xcconfig */ = {isa = PBXFileReference; includeInIndex = 1; lastKnownFileType = text.xcconfig; name = "Pods-XCUITestSampleUITests.debug.xcconfig"; path = "Pods/Target Support Files/Pods-XCUITestSampleUITests/Pods-XCUITestSampleUITests.debug.xcconfig"; sourceTree = "<group>"; };
		5F0539F020C7EF2000586BE9 /* TestSampleEarlGreyTests.swift */ = {isa = PBXFileReference; lastKnownFileType = sourcecode.swift; path = TestSampleEarlGreyTests.swift; sourceTree = "<group>"; };
		5F0539F220C7EF2000586BE9 /* Info.plist */ = {isa = PBXFileReference; lastKnownFileType = text.plist.xml; path = Info.plist; sourceTree = "<group>"; };
		5F5F009A20CE8CC600421CB5 /* TestSampleEarlGreyTests.xctest */ = {isa = PBXFileReference; explicitFileType = wrapper.cfbundle; includeInIndex = 0; path = TestSampleEarlGreyTests.xctest; sourceTree = BUILT_PRODUCTS_DIR; };
		98D8C46790638BB17A4FB1F5 /* Pods-XCUITestSample.debug.xcconfig */ = {isa = PBXFileReference; includeInIndex = 1; lastKnownFileType = text.xcconfig; name = "Pods-XCUITestSample.debug.xcconfig"; path = "Pods/Target Support Files/Pods-XCUITestSample/Pods-XCUITestSample.debug.xcconfig"; sourceTree = "<group>"; };
		9E3BA69E9BF06BF168A87981 /* Pods-XCUITestSample.release.xcconfig */ = {isa = PBXFileReference; includeInIndex = 1; lastKnownFileType = text.xcconfig; name = "Pods-XCUITestSample.release.xcconfig"; path = "Pods/Target Support Files/Pods-XCUITestSample/Pods-XCUITestSample.release.xcconfig"; sourceTree = "<group>"; };
		B01A0F4355B5D7535D0FC1F5 /* Pods-TestSampleEarlGreyTests.release.xcconfig */ = {isa = PBXFileReference; includeInIndex = 1; lastKnownFileType = text.xcconfig; name = "Pods-TestSampleEarlGreyTests.release.xcconfig"; path = "Pods/Target Support Files/Pods-TestSampleEarlGreyTests/Pods-TestSampleEarlGreyTests.release.xcconfig"; sourceTree = "<group>"; };
		DD22806FE2AC957F247D9681 /* Pods_XCUITestSample.framework */ = {isa = PBXFileReference; explicitFileType = wrapper.framework; includeInIndex = 0; path = Pods_XCUITestSample.framework; sourceTree = BUILT_PRODUCTS_DIR; };
		EC574B7B1BF81B0700C75D89 /* XCUITestSample.app */ = {isa = PBXFileReference; explicitFileType = wrapper.application; includeInIndex = 0; path = XCUITestSample.app; sourceTree = BUILT_PRODUCTS_DIR; };
		EC574B7E1BF81B0700C75D89 /* AppDelegate.swift */ = {isa = PBXFileReference; lastKnownFileType = sourcecode.swift; path = AppDelegate.swift; sourceTree = "<group>"; };
		EC574B801BF81B0700C75D89 /* FirstViewController.swift */ = {isa = PBXFileReference; lastKnownFileType = sourcecode.swift; path = FirstViewController.swift; sourceTree = "<group>"; };
		EC574B831BF81B0700C75D89 /* Base */ = {isa = PBXFileReference; lastKnownFileType = file.storyboard; name = Base; path = Base.lproj/Main.storyboard; sourceTree = "<group>"; };
		EC574B851BF81B0700C75D89 /* Assets.xcassets */ = {isa = PBXFileReference; lastKnownFileType = folder.assetcatalog; path = Assets.xcassets; sourceTree = "<group>"; };
		EC574B881BF81B0700C75D89 /* Base */ = {isa = PBXFileReference; lastKnownFileType = file.storyboard; name = Base; path = Base.lproj/LaunchScreen.storyboard; sourceTree = "<group>"; };
		EC574B8A1BF81B0700C75D89 /* Info.plist */ = {isa = PBXFileReference; lastKnownFileType = text.plist.xml; path = Info.plist; sourceTree = "<group>"; };
		EC574B8F1BF81B0700C75D89 /* XCUITestSampleUITests.xctest */ = {isa = PBXFileReference; explicitFileType = wrapper.cfbundle; includeInIndex = 0; path = XCUITestSampleUITests.xctest; sourceTree = BUILT_PRODUCTS_DIR; };
		EC574B931BF81B0700C75D89 /* FirstViewTests.swift */ = {isa = PBXFileReference; lastKnownFileType = sourcecode.swift; path = FirstViewTests.swift; sourceTree = "<group>"; };
		EC574B951BF81B0700C75D89 /* Info.plist */ = {isa = PBXFileReference; lastKnownFileType = text.plist.xml; path = Info.plist; sourceTree = "<group>"; };
		ECA8C50D1BF86E19009C9737 /* SnapshotHelper.swift */ = {isa = PBXFileReference; fileEncoding = 4; lastKnownFileType = sourcecode.swift; path = SnapshotHelper.swift; sourceTree = "<group>"; };
		ECA8C50F1BF87249009C9737 /* XCTestHelper.swift */ = {isa = PBXFileReference; fileEncoding = 4; lastKnownFileType = sourcecode.swift; path = XCTestHelper.swift; sourceTree = "<group>"; };
		EF29374E1653EA734C6A0775 /* Pods-TestSampleEarlGreyTests.debug.xcconfig */ = {isa = PBXFileReference; includeInIndex = 1; lastKnownFileType = text.xcconfig; name = "Pods-TestSampleEarlGreyTests.debug.xcconfig"; path = "Pods/Target Support Files/Pods-TestSampleEarlGreyTests/Pods-TestSampleEarlGreyTests.debug.xcconfig"; sourceTree = "<group>"; };
/* End PBXFileReference section */

/* Begin PBXFrameworksBuildPhase section */
		5F5F009720CE8CC600421CB5 /* Frameworks */ = {
			isa = PBXFrameworksBuildPhase;
			buildActionMask = 2147483647;
			files = (
				2F2237F8E49B52275FAF97EE /* Pods_TestSampleEarlGreyTests.framework in Frameworks */,
			);
			runOnlyForDeploymentPostprocessing = 0;
		};
		EC574B781BF81B0700C75D89 /* Frameworks */ = {
			isa = PBXFrameworksBuildPhase;
			buildActionMask = 2147483647;
			files = (
				0DDBAC6EBF1E20AC1FCE613E /* Pods_XCUITestSample.framework in Frameworks */,
			);
			runOnlyForDeploymentPostprocessing = 0;
		};
		EC574B8C1BF81B0700C75D89 /* Frameworks */ = {
			isa = PBXFrameworksBuildPhase;
			buildActionMask = 2147483647;
			files = (
				FBE23586DF835AB012D7E9F0 /* Pods_XCUITestSampleUITests.framework in Frameworks */,
			);
			runOnlyForDeploymentPostprocessing = 0;
		};
/* End PBXFrameworksBuildPhase section */

/* Begin PBXGroup section */
		5F0539EF20C7EF2000586BE9 /* TestSampleEarlGreyTests */ = {
			isa = PBXGroup;
			children = (
				5F0539F020C7EF2000586BE9 /* TestSampleEarlGreyTests.swift */,
				5F0539F220C7EF2000586BE9 /* Info.plist */,
				2C5C280CA68C64A273ED45B5 /* EarlGrey.swift */,
			);
			path = TestSampleEarlGreyTests;
			sourceTree = "<group>";
		};
		C1262CEF5B48717CB27E9A69 /* Frameworks */ = {
			isa = PBXGroup;
			children = (
				481DF5445D16910AE00388FE /* EarlGrey.framework */,
				3278A7BA92CFA1A36AA027ED /* Pods_TestSampleEarlGreyTests.framework */,
				DD22806FE2AC957F247D9681 /* Pods_XCUITestSample.framework */,
				0AD1797497E0D0391C48C764 /* Pods_XCUITestSampleUITests.framework */,
			);
			name = Frameworks;
			sourceTree = "<group>";
		};
		D75D4E4FCAF3555C5177B0CA /* Pods */ = {
			isa = PBXGroup;
			children = (
				EF29374E1653EA734C6A0775 /* Pods-TestSampleEarlGreyTests.debug.xcconfig */,
				B01A0F4355B5D7535D0FC1F5 /* Pods-TestSampleEarlGreyTests.release.xcconfig */,
				98D8C46790638BB17A4FB1F5 /* Pods-XCUITestSample.debug.xcconfig */,
				9E3BA69E9BF06BF168A87981 /* Pods-XCUITestSample.release.xcconfig */,
				5CF5E8607A26DE8B1B47CBD2 /* Pods-XCUITestSampleUITests.debug.xcconfig */,
				3BFCD41717CAD283A30EC7C3 /* Pods-XCUITestSampleUITests.release.xcconfig */,
			);
			name = Pods;
			sourceTree = "<group>";
		};
		EC574B721BF81B0700C75D89 = {
			isa = PBXGroup;
			children = (
				EC574B7D1BF81B0700C75D89 /* XCUITestSample */,
				EC574B921BF81B0700C75D89 /* XCUITestSampleUITests */,
				5F0539EF20C7EF2000586BE9 /* TestSampleEarlGreyTests */,
				EC574B7C1BF81B0700C75D89 /* Products */,
				C1262CEF5B48717CB27E9A69 /* Frameworks */,
				D75D4E4FCAF3555C5177B0CA /* Pods */,
			);
			sourceTree = "<group>";
		};
		EC574B7C1BF81B0700C75D89 /* Products */ = {
			isa = PBXGroup;
			children = (
				EC574B7B1BF81B0700C75D89 /* XCUITestSample.app */,
				EC574B8F1BF81B0700C75D89 /* XCUITestSampleUITests.xctest */,
				5F5F009A20CE8CC600421CB5 /* TestSampleEarlGreyTests.xctest */,
			);
			name = Products;
			sourceTree = "<group>";
		};
		EC574B7D1BF81B0700C75D89 /* XCUITestSample */ = {
			isa = PBXGroup;
			children = (
				EC574B7E1BF81B0700C75D89 /* AppDelegate.swift */,
				EC574B801BF81B0700C75D89 /* FirstViewController.swift */,
				EC574B821BF81B0700C75D89 /* Main.storyboard */,
				EC574B851BF81B0700C75D89 /* Assets.xcassets */,
				EC574B871BF81B0700C75D89 /* LaunchScreen.storyboard */,
				EC574B8A1BF81B0700C75D89 /* Info.plist */,
			);
			path = XCUITestSample;
			sourceTree = "<group>";
		};
		EC574B921BF81B0700C75D89 /* XCUITestSampleUITests */ = {
			isa = PBXGroup;
			children = (
				ECA8C50D1BF86E19009C9737 /* SnapshotHelper.swift */,
				EC574B931BF81B0700C75D89 /* FirstViewTests.swift */,
				EC574B951BF81B0700C75D89 /* Info.plist */,
				ECA8C50F1BF87249009C9737 /* XCTestHelper.swift */,
			);
			path = XCUITestSampleUITests;
			sourceTree = "<group>";
		};
/* End PBXGroup section */

/* Begin PBXNativeTarget section */
		5F5F009920CE8CC600421CB5 /* TestSampleEarlGreyTests */ = {
			isa = PBXNativeTarget;
			buildConfigurationList = 5F5F00A120CE8CC600421CB5 /* Build configuration list for PBXNativeTarget "TestSampleEarlGreyTests" */;
			buildPhases = (
				AE80CA237A092F996CB2E312 /* [CP] Check Pods Manifest.lock */,
				5F5F009620CE8CC600421CB5 /* Sources */,
				5F5F009720CE8CC600421CB5 /* Frameworks */,
				5F5F009820CE8CC600421CB5 /* Resources */,
				9530A0BA707A9099CD91CC3B /* [CP] Embed Pods Frameworks */,
			);
			buildRules = (
			);
			dependencies = (
				5F5F00A020CE8CC600421CB5 /* PBXTargetDependency */,
			);
			name = TestSampleEarlGreyTests;
			productName = TestSampleEarlGreyTests;
			productReference = 5F5F009A20CE8CC600421CB5 /* TestSampleEarlGreyTests.xctest */;
			productType = "com.apple.product-type.bundle.unit-test";
		};
		EC574B7A1BF81B0700C75D89 /* XCUITestSample */ = {
			isa = PBXNativeTarget;
			buildConfigurationList = EC574B981BF81B0700C75D89 /* Build configuration list for PBXNativeTarget "XCUITestSample" */;
			buildPhases = (
				DFC57B240863D6B074F52B4F /* [CP] Check Pods Manifest.lock */,
				EC574B771BF81B0700C75D89 /* Sources */,
				EC574B781BF81B0700C75D89 /* Frameworks */,
				EC574B791BF81B0700C75D89 /* Resources */,
			);
			buildRules = (
			);
			dependencies = (
			);
			name = XCUITestSample;
			productName = XCUITestSample;
			productReference = EC574B7B1BF81B0700C75D89 /* XCUITestSample.app */;
			productType = "com.apple.product-type.application";
		};
		EC574B8E1BF81B0700C75D89 /* XCUITestSampleUITests */ = {
			isa = PBXNativeTarget;
			buildConfigurationList = EC574B9B1BF81B0700C75D89 /* Build configuration list for PBXNativeTarget "XCUITestSampleUITests" */;
			buildPhases = (
				99364C1279FA1DD1422D7E1E /* [CP] Check Pods Manifest.lock */,
				EC574B8B1BF81B0700C75D89 /* Sources */,
				EC574B8C1BF81B0700C75D89 /* Frameworks */,
				EC574B8D1BF81B0700C75D89 /* Resources */,
			);
			buildRules = (
			);
			dependencies = (
				EC574B911BF81B0700C75D89 /* PBXTargetDependency */,
			);
			name = XCUITestSampleUITests;
			productName = XCUITestSampleUITests;
			productReference = EC574B8F1BF81B0700C75D89 /* XCUITestSampleUITests.xctest */;
			productType = "com.apple.product-type.bundle.ui-testing";
		};
/* End PBXNativeTarget section */

/* Begin PBXProject section */
		EC574B731BF81B0700C75D89 /* Project object */ = {
			isa = PBXProject;
			attributes = {
				LastSwiftUpdateCheck = 0940;
				LastUpgradeCheck = 0700;
				ORGANIZATIONNAME = ichiko_revjune;
				TargetAttributes = {
					5F5F009920CE8CC600421CB5 = {
						CreatedOnToolsVersion = 9.4;
						ProvisioningStyle = Automatic;
						TestTargetID = EC574B7A1BF81B0700C75D89;
					};
					EC574B7A1BF81B0700C75D89 = {
						CreatedOnToolsVersion = 7.0.1;
						LastSwiftMigration = 0820;
					};
					EC574B8E1BF81B0700C75D89 = {
						CreatedOnToolsVersion = 7.0.1;
						LastSwiftMigration = 0820;
						TestTargetID = EC574B7A1BF81B0700C75D89;
					};
				};
			};
			buildConfigurationList = EC574B761BF81B0700C75D89 /* Build configuration list for PBXProject "XCUITestSample" */;
			compatibilityVersion = "Xcode 3.2";
			developmentRegion = English;
			hasScannedForEncodings = 0;
			knownRegions = (
				en,
				Base,
			);
			mainGroup = EC574B721BF81B0700C75D89;
			productRefGroup = EC574B7C1BF81B0700C75D89 /* Products */;
			projectDirPath = "";
			projectRoot = "";
			targets = (
				EC574B7A1BF81B0700C75D89 /* XCUITestSample */,
				EC574B8E1BF81B0700C75D89 /* XCUITestSampleUITests */,
				5F5F009920CE8CC600421CB5 /* TestSampleEarlGreyTests */,
			);
		};
/* End PBXProject section */

/* Begin PBXResourcesBuildPhase section */
		5F5F009820CE8CC600421CB5 /* Resources */ = {
			isa = PBXResourcesBuildPhase;
			buildActionMask = 2147483647;
			files = (
			);
			runOnlyForDeploymentPostprocessing = 0;
		};
		EC574B791BF81B0700C75D89 /* Resources */ = {
			isa = PBXResourcesBuildPhase;
			buildActionMask = 2147483647;
			files = (
				EC574B891BF81B0700C75D89 /* LaunchScreen.storyboard in Resources */,
				EC574B861BF81B0700C75D89 /* Assets.xcassets in Resources */,
				EC574B841BF81B0700C75D89 /* Main.storyboard in Resources */,
			);
			runOnlyForDeploymentPostprocessing = 0;
		};
		EC574B8D1BF81B0700C75D89 /* Resources */ = {
			isa = PBXResourcesBuildPhase;
			buildActionMask = 2147483647;
			files = (
			);
			runOnlyForDeploymentPostprocessing = 0;
		};
/* End PBXResourcesBuildPhase section */

/* Begin PBXShellScriptBuildPhase section */
		9530A0BA707A9099CD91CC3B /* [CP] Embed Pods Frameworks */ = {
			isa = PBXShellScriptBuildPhase;
			buildActionMask = 2147483647;
			files = (
			);
			inputPaths = (
				"${SRCROOT}/Pods/Target Support Files/Pods-TestSampleEarlGreyTests/Pods-TestSampleEarlGreyTests-frameworks.sh",
				"${PODS_ROOT}/EarlGrey/EarlGrey/EarlGrey.framework",
			);
			name = "[CP] Embed Pods Frameworks";
			outputPaths = (
				"${TARGET_BUILD_DIR}/${FRAMEWORKS_FOLDER_PATH}/EarlGrey.framework",
			);
			runOnlyForDeploymentPostprocessing = 0;
			shellPath = /bin/sh;
			shellScript = "\"${SRCROOT}/Pods/Target Support Files/Pods-TestSampleEarlGreyTests/Pods-TestSampleEarlGreyTests-frameworks.sh\"\n";
			showEnvVarsInLog = 0;
		};
		99364C1279FA1DD1422D7E1E /* [CP] Check Pods Manifest.lock */ = {
			isa = PBXShellScriptBuildPhase;
			buildActionMask = 2147483647;
			files = (
			);
			inputPaths = (
				"${PODS_PODFILE_DIR_PATH}/Podfile.lock",
				"${PODS_ROOT}/Manifest.lock",
			);
			name = "[CP] Check Pods Manifest.lock";
			outputPaths = (
				"$(DERIVED_FILE_DIR)/Pods-XCUITestSampleUITests-checkManifestLockResult.txt",
			);
			runOnlyForDeploymentPostprocessing = 0;
			shellPath = /bin/sh;
			shellScript = "diff \"${PODS_PODFILE_DIR_PATH}/Podfile.lock\" \"${PODS_ROOT}/Manifest.lock\" > /dev/null\nif [ $? != 0 ] ; then\n    # print error to STDERR\n    echo \"error: The sandbox is not in sync with the Podfile.lock. Run 'pod install' or update your CocoaPods installation.\" >&2\n    exit 1\nfi\n# This output is used by Xcode 'outputs' to avoid re-running this script phase.\necho \"SUCCESS\" > \"${SCRIPT_OUTPUT_FILE_0}\"\n";
			showEnvVarsInLog = 0;
		};
		AE80CA237A092F996CB2E312 /* [CP] Check Pods Manifest.lock */ = {
			isa = PBXShellScriptBuildPhase;
			buildActionMask = 2147483647;
			files = (
			);
			inputPaths = (
				"${PODS_PODFILE_DIR_PATH}/Podfile.lock",
				"${PODS_ROOT}/Manifest.lock",
			);
			name = "[CP] Check Pods Manifest.lock";
			outputPaths = (
				"$(DERIVED_FILE_DIR)/Pods-TestSampleEarlGreyTests-checkManifestLockResult.txt",
			);
			runOnlyForDeploymentPostprocessing = 0;
			shellPath = /bin/sh;
			shellScript = "diff \"${PODS_PODFILE_DIR_PATH}/Podfile.lock\" \"${PODS_ROOT}/Manifest.lock\" > /dev/null\nif [ $? != 0 ] ; then\n    # print error to STDERR\n    echo \"error: The sandbox is not in sync with the Podfile.lock. Run 'pod install' or update your CocoaPods installation.\" >&2\n    exit 1\nfi\n# This output is used by Xcode 'outputs' to avoid re-running this script phase.\necho \"SUCCESS\" > \"${SCRIPT_OUTPUT_FILE_0}\"\n";
			showEnvVarsInLog = 0;
		};
		DFC57B240863D6B074F52B4F /* [CP] Check Pods Manifest.lock */ = {
			isa = PBXShellScriptBuildPhase;
			buildActionMask = 2147483647;
			files = (
			);
			inputPaths = (
				"${PODS_PODFILE_DIR_PATH}/Podfile.lock",
				"${PODS_ROOT}/Manifest.lock",
			);
			name = "[CP] Check Pods Manifest.lock";
			outputPaths = (
				"$(DERIVED_FILE_DIR)/Pods-XCUITestSample-checkManifestLockResult.txt",
			);
			runOnlyForDeploymentPostprocessing = 0;
			shellPath = /bin/sh;
			shellScript = "diff \"${PODS_PODFILE_DIR_PATH}/Podfile.lock\" \"${PODS_ROOT}/Manifest.lock\" > /dev/null\nif [ $? != 0 ] ; then\n    # print error to STDERR\n    echo \"error: The sandbox is not in sync with the Podfile.lock. Run 'pod install' or update your CocoaPods installation.\" >&2\n    exit 1\nfi\n# This output is used by Xcode 'outputs' to avoid re-running this script phase.\necho \"SUCCESS\" > \"${SCRIPT_OUTPUT_FILE_0}\"\n";
			showEnvVarsInLog = 0;
		};
/* End PBXShellScriptBuildPhase section */

/* Begin PBXSourcesBuildPhase section */
		5F5F009620CE8CC600421CB5 /* Sources */ = {
			isa = PBXSourcesBuildPhase;
			buildActionMask = 2147483647;
			files = (
				5F5F00A520CE8D0700421CB5 /* EarlGrey.swift in Sources */,
				5F5F00A420CE8D0100421CB5 /* TestSampleEarlGreyTests.swift in Sources */,
			);
			runOnlyForDeploymentPostprocessing = 0;
		};
		EC574B771BF81B0700C75D89 /* Sources */ = {
			isa = PBXSourcesBuildPhase;
			buildActionMask = 2147483647;
			files = (
				EC574B811BF81B0700C75D89 /* FirstViewController.swift in Sources */,
				EC574B7F1BF81B0700C75D89 /* AppDelegate.swift in Sources */,
			);
			runOnlyForDeploymentPostprocessing = 0;
		};
		EC574B8B1BF81B0700C75D89 /* Sources */ = {
			isa = PBXSourcesBuildPhase;
			buildActionMask = 2147483647;
			files = (
				ECA8C5101BF87249009C9737 /* XCTestHelper.swift in Sources */,
				EC574B941BF81B0700C75D89 /* FirstViewTests.swift in Sources */,
				ECA8C50E1BF86E19009C9737 /* SnapshotHelper.swift in Sources */,
			);
			runOnlyForDeploymentPostprocessing = 0;
		};
/* End PBXSourcesBuildPhase section */

/* Begin PBXTargetDependency section */
		5F5F00A020CE8CC600421CB5 /* PBXTargetDependency */ = {
			isa = PBXTargetDependency;
			target = EC574B7A1BF81B0700C75D89 /* XCUITestSample */;
			targetProxy = 5F5F009F20CE8CC600421CB5 /* PBXContainerItemProxy */;
		};
		EC574B911BF81B0700C75D89 /* PBXTargetDependency */ = {
			isa = PBXTargetDependency;
			target = EC574B7A1BF81B0700C75D89 /* XCUITestSample */;
			targetProxy = EC574B901BF81B0700C75D89 /* PBXContainerItemProxy */;
		};
/* End PBXTargetDependency section */

/* Begin PBXVariantGroup section */
		EC574B821BF81B0700C75D89 /* Main.storyboard */ = {
			isa = PBXVariantGroup;
			children = (
				EC574B831BF81B0700C75D89 /* Base */,
			);
			name = Main.storyboard;
			sourceTree = "<group>";
		};
		EC574B871BF81B0700C75D89 /* LaunchScreen.storyboard */ = {
			isa = PBXVariantGroup;
			children = (
				EC574B881BF81B0700C75D89 /* Base */,
			);
			name = LaunchScreen.storyboard;
			sourceTree = "<group>";
		};
/* End PBXVariantGroup section */

/* Begin XCBuildConfiguration section */
		5F5F00A220CE8CC600421CB5 /* Debug */ = {
			isa = XCBuildConfiguration;
			baseConfigurationReference = EF29374E1653EA734C6A0775 /* Pods-TestSampleEarlGreyTests.debug.xcconfig */;
			buildSettings = {
				BUNDLE_LOADER = "$(TEST_HOST)";
				CLANG_ANALYZER_NONNULL = YES;
				CLANG_ANALYZER_NUMBER_OBJECT_CONVERSION = YES_AGGRESSIVE;
				CLANG_CXX_LANGUAGE_STANDARD = "gnu++14";
				CLANG_ENABLE_OBJC_WEAK = YES;
				CLANG_WARN_BLOCK_CAPTURE_AUTORELEASING = YES;
				CLANG_WARN_COMMA = YES;
				CLANG_WARN_DEPRECATED_OBJC_IMPLEMENTATIONS = YES;
				CLANG_WARN_DOCUMENTATION_COMMENTS = YES;
				CLANG_WARN_INFINITE_RECURSION = YES;
				CLANG_WARN_NON_LITERAL_NULL_CONVERSION = YES;
				CLANG_WARN_OBJC_IMPLICIT_RETAIN_SELF = YES;
				CLANG_WARN_OBJC_LITERAL_CONVERSION = YES;
				CLANG_WARN_RANGE_LOOP_ANALYSIS = YES;
				CLANG_WARN_STRICT_PROTOTYPES = YES;
				CLANG_WARN_SUSPICIOUS_MOVE = YES;
				CLANG_WARN_UNGUARDED_AVAILABILITY = YES_AGGRESSIVE;
				CODE_SIGN_IDENTITY = "iPhone Developer";
				CODE_SIGN_STYLE = Automatic;
				GCC_C_LANGUAGE_STANDARD = gnu11;
				INFOPLIST_FILE = TestSampleEarlGreyTests/Info.plist;
				LD_RUNPATH_SEARCH_PATHS = "$(inherited) @executable_path/Frameworks @loader_path/Frameworks";
				PRODUCT_BUNDLE_IDENTIFIER = me.ichiko.sample.TestSampleEarlGreyTests;
				PRODUCT_NAME = "$(TARGET_NAME)";
				SWIFT_ACTIVE_COMPILATION_CONDITIONS = DEBUG;
				SWIFT_VERSION = 4.0;
				TARGETED_DEVICE_FAMILY = "1,2";
				TEST_HOST = "$(BUILT_PRODUCTS_DIR)/XCUITestSample.app/XCUITestSample";
			};
			name = Debug;
		};
		5F5F00A320CE8CC600421CB5 /* Release */ = {
			isa = XCBuildConfiguration;
			baseConfigurationReference = B01A0F4355B5D7535D0FC1F5 /* Pods-TestSampleEarlGreyTests.release.xcconfig */;
			buildSettings = {
				BUNDLE_LOADER = "$(TEST_HOST)";
				CLANG_ANALYZER_NONNULL = YES;
				CLANG_ANALYZER_NUMBER_OBJECT_CONVERSION = YES_AGGRESSIVE;
				CLANG_CXX_LANGUAGE_STANDARD = "gnu++14";
				CLANG_ENABLE_OBJC_WEAK = YES;
				CLANG_WARN_BLOCK_CAPTURE_AUTORELEASING = YES;
				CLANG_WARN_COMMA = YES;
				CLANG_WARN_DEPRECATED_OBJC_IMPLEMENTATIONS = YES;
				CLANG_WARN_DOCUMENTATION_COMMENTS = YES;
				CLANG_WARN_INFINITE_RECURSION = YES;
				CLANG_WARN_NON_LITERAL_NULL_CONVERSION = YES;
				CLANG_WARN_OBJC_IMPLICIT_RETAIN_SELF = YES;
				CLANG_WARN_OBJC_LITERAL_CONVERSION = YES;
				CLANG_WARN_RANGE_LOOP_ANALYSIS = YES;
				CLANG_WARN_STRICT_PROTOTYPES = YES;
				CLANG_WARN_SUSPICIOUS_MOVE = YES;
				CLANG_WARN_UNGUARDED_AVAILABILITY = YES_AGGRESSIVE;
				CODE_SIGN_IDENTITY = "iPhone Developer";
				CODE_SIGN_STYLE = Automatic;
				GCC_C_LANGUAGE_STANDARD = gnu11;
				INFOPLIST_FILE = TestSampleEarlGreyTests/Info.plist;
				LD_RUNPATH_SEARCH_PATHS = "$(inherited) @executable_path/Frameworks @loader_path/Frameworks";
				PRODUCT_BUNDLE_IDENTIFIER = me.ichiko.sample.TestSampleEarlGreyTests;
				PRODUCT_NAME = "$(TARGET_NAME)";
				SWIFT_OPTIMIZATION_LEVEL = "-Owholemodule";
				SWIFT_VERSION = 4.0;
				TARGETED_DEVICE_FAMILY = "1,2";
				TEST_HOST = "$(BUILT_PRODUCTS_DIR)/XCUITestSample.app/XCUITestSample";
			};
			name = Release;
		};
		EC574B961BF81B0700C75D89 /* Debug */ = {
			isa = XCBuildConfiguration;
			buildSettings = {
				ALWAYS_SEARCH_USER_PATHS = NO;
				CLANG_CXX_LANGUAGE_STANDARD = "gnu++0x";
				CLANG_CXX_LIBRARY = "libc++";
				CLANG_ENABLE_MODULES = YES;
				CLANG_ENABLE_OBJC_ARC = YES;
				CLANG_WARN_BOOL_CONVERSION = YES;
				CLANG_WARN_CONSTANT_CONVERSION = YES;
				CLANG_WARN_DIRECT_OBJC_ISA_USAGE = YES_ERROR;
				CLANG_WARN_EMPTY_BODY = YES;
				CLANG_WARN_ENUM_CONVERSION = YES;
				CLANG_WARN_INT_CONVERSION = YES;
				CLANG_WARN_OBJC_ROOT_CLASS = YES_ERROR;
				CLANG_WARN_UNREACHABLE_CODE = YES;
				CLANG_WARN__DUPLICATE_METHOD_MATCH = YES;
				"CODE_SIGN_IDENTITY[sdk=iphoneos*]" = "iPhone Developer";
				COPY_PHASE_STRIP = NO;
				DEBUG_INFORMATION_FORMAT = dwarf;
				ENABLE_STRICT_OBJC_MSGSEND = YES;
				ENABLE_TESTABILITY = YES;
				GCC_C_LANGUAGE_STANDARD = gnu99;
				GCC_DYNAMIC_NO_PIC = NO;
				GCC_NO_COMMON_BLOCKS = YES;
				GCC_OPTIMIZATION_LEVEL = 0;
				GCC_PREPROCESSOR_DEFINITIONS = (
					"DEBUG=1",
					"$(inherited)",
				);
				GCC_WARN_64_TO_32_BIT_CONVERSION = YES;
				GCC_WARN_ABOUT_RETURN_TYPE = YES_ERROR;
				GCC_WARN_UNDECLARED_SELECTOR = YES;
				GCC_WARN_UNINITIALIZED_AUTOS = YES_AGGRESSIVE;
				GCC_WARN_UNUSED_FUNCTION = YES;
				GCC_WARN_UNUSED_VARIABLE = YES;
				IPHONEOS_DEPLOYMENT_TARGET = 11.4;
				MTL_ENABLE_DEBUG_INFO = YES;
				ONLY_ACTIVE_ARCH = YES;
				SDKROOT = iphoneos;
				SWIFT_OPTIMIZATION_LEVEL = "-Onone";
				TARGETED_DEVICE_FAMILY = "1,2";
			};
			name = Debug;
		};
		EC574B971BF81B0700C75D89 /* Release */ = {
			isa = XCBuildConfiguration;
			buildSettings = {
				ALWAYS_SEARCH_USER_PATHS = NO;
				CLANG_CXX_LANGUAGE_STANDARD = "gnu++0x";
				CLANG_CXX_LIBRARY = "libc++";
				CLANG_ENABLE_MODULES = YES;
				CLANG_ENABLE_OBJC_ARC = YES;
				CLANG_WARN_BOOL_CONVERSION = YES;
				CLANG_WARN_CONSTANT_CONVERSION = YES;
				CLANG_WARN_DIRECT_OBJC_ISA_USAGE = YES_ERROR;
				CLANG_WARN_EMPTY_BODY = YES;
				CLANG_WARN_ENUM_CONVERSION = YES;
				CLANG_WARN_INT_CONVERSION = YES;
				CLANG_WARN_OBJC_ROOT_CLASS = YES_ERROR;
				CLANG_WARN_UNREACHABLE_CODE = YES;
				CLANG_WARN__DUPLICATE_METHOD_MATCH = YES;
				"CODE_SIGN_IDENTITY[sdk=iphoneos*]" = "iPhone Developer";
				COPY_PHASE_STRIP = NO;
				DEBUG_INFORMATION_FORMAT = "dwarf-with-dsym";
				ENABLE_NS_ASSERTIONS = NO;
				ENABLE_STRICT_OBJC_MSGSEND = YES;
				GCC_C_LANGUAGE_STANDARD = gnu99;
				GCC_NO_COMMON_BLOCKS = YES;
				GCC_WARN_64_TO_32_BIT_CONVERSION = YES;
				GCC_WARN_ABOUT_RETURN_TYPE = YES_ERROR;
				GCC_WARN_UNDECLARED_SELECTOR = YES;
				GCC_WARN_UNINITIALIZED_AUTOS = YES_AGGRESSIVE;
				GCC_WARN_UNUSED_FUNCTION = YES;
				GCC_WARN_UNUSED_VARIABLE = YES;
				IPHONEOS_DEPLOYMENT_TARGET = 11.4;
				MTL_ENABLE_DEBUG_INFO = NO;
				SDKROOT = iphoneos;
				TARGETED_DEVICE_FAMILY = "1,2";
				VALIDATE_PRODUCT = YES;
			};
			name = Release;
		};
		EC574B991BF81B0700C75D89 /* Debug */ = {
			isa = XCBuildConfiguration;
			baseConfigurationReference = 98D8C46790638BB17A4FB1F5 /* Pods-XCUITestSample.debug.xcconfig */;
			buildSettings = {
				ASSETCATALOG_COMPILER_APPICON_NAME = AppIcon;
				INFOPLIST_FILE = XCUITestSample/Info.plist;
				LD_RUNPATH_SEARCH_PATHS = "$(inherited) @executable_path/Frameworks";
				PRODUCT_BUNDLE_IDENTIFIER = me.ichiko.revjune.XCUITestSample;
				PRODUCT_NAME = "$(TARGET_NAME)";
				SWIFT_VERSION = 3.0;
			};
			name = Debug;
		};
		EC574B9A1BF81B0700C75D89 /* Release */ = {
			isa = XCBuildConfiguration;
			baseConfigurationReference = 9E3BA69E9BF06BF168A87981 /* Pods-XCUITestSample.release.xcconfig */;
			buildSettings = {
				ASSETCATALOG_COMPILER_APPICON_NAME = AppIcon;
				INFOPLIST_FILE = XCUITestSample/Info.plist;
				LD_RUNPATH_SEARCH_PATHS = "$(inherited) @executable_path/Frameworks";
				PRODUCT_BUNDLE_IDENTIFIER = me.ichiko.revjune.XCUITestSample;
				PRODUCT_NAME = "$(TARGET_NAME)";
				SWIFT_VERSION = 3.0;
			};
			name = Release;
		};
		EC574B9C1BF81B0700C75D89 /* Debug */ = {
			isa = XCBuildConfiguration;
			baseConfigurationReference = 5CF5E8607A26DE8B1B47CBD2 /* Pods-XCUITestSampleUITests.debug.xcconfig */;
			buildSettings = {
				INFOPLIST_FILE = XCUITestSampleUITests/Info.plist;
				LD_RUNPATH_SEARCH_PATHS = "$(inherited) @executable_path/Frameworks @loader_path/Frameworks";
				PRODUCT_BUNDLE_IDENTIFIER = me.ichiko.revjune.XCUITestSampleUITests;
				PRODUCT_NAME = "$(TARGET_NAME)";
				SWIFT_VERSION = 3.0;
				TEST_TARGET_NAME = XCUITestSample;
				USES_XCTRUNNER = YES;
			};
			name = Debug;
		};
		EC574B9D1BF81B0700C75D89 /* Release */ = {
			isa = XCBuildConfiguration;
			baseConfigurationReference = 3BFCD41717CAD283A30EC7C3 /* Pods-XCUITestSampleUITests.release.xcconfig */;
			buildSettings = {
				INFOPLIST_FILE = XCUITestSampleUITests/Info.plist;
				LD_RUNPATH_SEARCH_PATHS = "$(inherited) @executable_path/Frameworks @loader_path/Frameworks";
				PRODUCT_BUNDLE_IDENTIFIER = me.ichiko.revjune.XCUITestSampleUITests;
				PRODUCT_NAME = "$(TARGET_NAME)";
				SWIFT_VERSION = 3.0;
				TEST_TARGET_NAME = XCUITestSample;
				USES_XCTRUNNER = YES;
			};
			name = Release;
		};
/* End XCBuildConfiguration section */

/* Begin XCConfigurationList section */
		5F5F00A120CE8CC600421CB5 /* Build configuration list for PBXNativeTarget "TestSampleEarlGreyTests" */ = {
			isa = XCConfigurationList;
			buildConfigurations = (
				5F5F00A220CE8CC600421CB5 /* Debug */,
				5F5F00A320CE8CC600421CB5 /* Release */,
			);
			defaultConfigurationIsVisible = 0;
			defaultConfigurationName = Release;
		};
		EC574B761BF81B0700C75D89 /* Build configuration list for PBXProject "XCUITestSample" */ = {
			isa = XCConfigurationList;
			buildConfigurations = (
				EC574B961BF81B0700C75D89 /* Debug */,
				EC574B971BF81B0700C75D89 /* Release */,
			);
			defaultConfigurationIsVisible = 0;
			defaultConfigurationName = Release;
		};
		EC574B981BF81B0700C75D89 /* Build configuration list for PBXNativeTarget "XCUITestSample" */ = {
			isa = XCConfigurationList;
			buildConfigurations = (
				EC574B991BF81B0700C75D89 /* Debug */,
				EC574B9A1BF81B0700C75D89 /* Release */,
			);
			defaultConfigurationIsVisible = 0;
			defaultConfigurationName = Release;
		};
		EC574B9B1BF81B0700C75D89 /* Build configuration list for PBXNativeTarget "XCUITestSampleUITests" */ = {
			isa = XCConfigurationList;
			buildConfigurations = (
				EC574B9C1BF81B0700C75D89 /* Debug */,
				EC574B9D1BF81B0700C75D89 /* Release */,
			);
			defaultConfigurationIsVisible = 0;
			defaultConfigurationName = Release;
		};
/* End XCConfigurationList section */
	};
	rootObject = EC574B731BF81B0700C75D89 /* Project object */;
}
